// !$*UTF8*$!
{
	archiveVersion = 1;
	classes = {
	};
	objectVersion = 77;
	objects = {

/* Begin PBXBuildFile section */
		43749CBF2FA0A9D600E4D769 /* FirebaseAuth in Frameworks */ = {isa = PBXBuildFile; productRef = 43749CBE2FA0A9D600E4D769 /* FirebaseAuth */; };
		43749CC12FA0A9D600E4D769 /* FirebaseCrashlytics in Frameworks */ = {isa = PBXBuildFile; productRef = 43749CC02FA0A9D600E4D769 /* FirebaseCrashlytics */; };
		43749CC32FA0A9D600E4D769 /* FirebaseMessaging in Frameworks */ = {isa = PBXBuildFile; productRef = 43749CC22FA0A9D600E4D769 /* FirebaseMessaging */; };
		43749CC82FA0AA2400E4D769 /* Kingfisher in Frameworks */ = {isa = PBXBuildFile; productRef = 43749CC72FA0AA2400E4D769 /* Kingfisher */; };
		43749CCB2FA0AB3900E4D769 /* SnapKit in Frameworks */ = {isa = PBXBuildFile; productRef = 43749CCA2FA0AB3900E4D769 /* SnapKit */; };
		43749CE82FA0B0DC00E4D769 /* IQKeyboardManagerSwift in Frameworks */ = {isa = PBXBuildFile; productRef = 43749CE72FA0B0DC00E4D769 /* IQKeyboardManagerSwift */; };
		4386377D2FA2E9DE0076D349 /* RxCocoa in Frameworks */ = {isa = PBXBuildFile; productRef = 4386377C2FA2E9DE0076D349 /* RxCocoa */; };
		4386377F2FA2E9DE0076D349 /* RxRelay in Frameworks */ = {isa = PBXBuildFile; productRef = 4386377E2FA2E9DE0076D349 /* RxRelay */; };
		438D45EB2FA1CE2E001042F7 /* Hero in Frameworks */ = {isa = PBXBuildFile; productRef = 438D45EA2FA1CE2E001042F7 /* Hero */; };
		438D46132FA292CA001042F7 /* GoogleSignIn in Frameworks */ = {isa = PBXBuildFile; productRef = 438D46122FA292CA001042F7 /* GoogleSignIn */; };
		438D46152FA292CA001042F7 /* GoogleSignInSwift in Frameworks */ = {isa = PBXBuildFile; productRef = 438D46142FA292CA001042F7 /* GoogleSignInSwift */; };
		43949A852FA45DC3009E94A9 /* SkeletonView in Frameworks */ = {isa = PBXBuildFile; productRef = 43949A842FA45DC3009E94A9 /* SkeletonView */; };
/* End PBXBuildFile section */

/* Begin PBXContainerItemProxy section */
		43749C672FA0A84300E4D769 /* PBXContainerItemProxy */ = {
			isa = PBXContainerItemProxy;
			containerPortal = 43749C482FA0A84100E4D769 /* Project object */;
			proxyType = 1;
			remoteGlobalIDString = 43749C4F2FA0A84100E4D769;
			remoteInfo = Wrap;
		};
		43749C712FA0A84300E4D769 /* PBXContainerItemProxy */ = {
			isa = PBXContainerItemProxy;
			containerPortal = 43749C482FA0A84100E4D769 /* Project object */;
			proxyType = 1;
			remoteGlobalIDString = 43749C4F2FA0A84100E4D769;
			remoteInfo = Wrap;
		};
/* End PBXContainerItemProxy section */

/* Begin PBXFileReference section */
		43749C502FA0A84100E4D769 /* Wrap.app */ = {isa = PBXFileReference; explicitFileType = wrapper.application; includeInIndex = 0; path = Wrap.app; sourceTree = BUILT_PRODUCTS_DIR; };
		43749C662FA0A84300E4D769 /* WrapTests.xctest */ = {isa = PBXFileReference; explicitFileType = wrapper.cfbundle; includeInIndex = 0; path = WrapTests.xctest; sourceTree = BUILT_PRODUCTS_DIR; };
		43749C702FA0A84300E4D769 /* WrapUITests.xctest */ = {isa = PBXFileReference; explicitFileType = wrapper.cfbundle; includeInIndex = 0; path = WrapUITests.xctest; sourceTree = BUILT_PRODUCTS_DIR; };
/* End PBXFileReference section */

/* Begin PBXFileSystemSynchronizedBuildFileExceptionSet section */
		43749C782FA0A84300E4D769 /* Exceptions for "Wrap" folder in "Wrap" target */ = {
			isa = PBXFileSystemSynchronizedBuildFileExceptionSet;
			membershipExceptions = (
				Info.plist,
			);
			target = 43749C4F2FA0A84100E4D769 /* Wrap */;
		};
/* End PBXFileSystemSynchronizedBuildFileExceptionSet section */

/* Begin PBXFileSystemSynchronizedRootGroup section */
		43749C522FA0A84100E4D769 /* Wrap */ = {
			isa = PBXFileSystemSynchronizedRootGroup;
			exceptions = (
				43749C782FA0A84300E4D769 /* Exceptions for "Wrap" folder in "Wrap" target */,
			);
			path = Wrap;
			sourceTree = "<group>";
		};
		43749C692FA0A84300E4D769 /* WrapTests */ = {
			isa = PBXFileSystemSynchronizedRootGroup;
			path = WrapTests;
			sourceTree = "<group>";
		};
		43749C732FA0A84300E4D769 /* WrapUITests */ = {
			isa = PBXFileSystemSynchronizedRootGroup;
			path = WrapUITests;
			sourceTree = "<group>";
		};
/* End PBXFileSystemSynchronizedRootGroup section */

/* Begin PBXFrameworksBuildPhase section */
		43749C4D2FA0A84100E4D769 /* Frameworks */ = {
			isa = PBXFrameworksBuildPhase;
			buildActionMask = 2147483647;
			files = (
				438D46152FA292CA001042F7 /* GoogleSignInSwift in Frameworks */,
				43749CC82FA0AA2400E4D769 /* Kingfisher in Frameworks */,
				4386377D2FA2E9DE0076D349 /* RxCocoa in Frameworks */,
				438D46132FA292CA001042F7 /* GoogleSignIn in Frameworks */,
				43949A852FA45DC3009E94A9 /* SkeletonView in Frameworks */,
				43749CC32FA0A9D600E4D769 /* FirebaseMessaging in Frameworks */,
				43749CBF2FA0A9D600E4D769 /* FirebaseAuth in Frameworks */,
				43749CC12FA0A9D600E4D769 /* FirebaseCrashlytics in Frameworks */,
				43749CCB2FA0AB3900E4D769 /* SnapKit in Frameworks */,
				438D45EB2FA1CE2E001042F7 /* Hero in Frameworks */,
				43749CE82FA0B0DC00E4D769 /* IQKeyboardManagerSwift in Frameworks */,
				4386377F2FA2E9DE0076D349 /* RxRelay in Frameworks */,
			);
			runOnlyForDeploymentPostprocessing = 0;
		};
		43749C632FA0A84300E4D769 /* Frameworks */ = {
			isa = PBXFrameworksBuildPhase;
			buildActionMask = 2147483647;
			files = (
			);
			runOnlyForDeploymentPostprocessing = 0;
		};
		43749C6D2FA0A84300E4D769 /* Frameworks */ = {
			isa = PBXFrameworksBuildPhase;
			buildActionMask = 2147483647;
			files = (
			);
			runOnlyForDeploymentPostprocessing = 0;
		};
/* End PBXFrameworksBuildPhase section */

/* Begin PBXGroup section */
		43749C472FA0A84100E4D769 = {
			isa = PBXGroup;
			children = (
				43749C522FA0A84100E4D769 /* Wrap */,
				43749C692FA0A84300E4D769 /* WrapTests */,
				43749C732FA0A84300E4D769 /* WrapUITests */,
				43749C512FA0A84100E4D769 /* Products */,
			);
			sourceTree = "<group>";
		};
		43749C512FA0A84100E4D769 /* Products */ = {
			isa = PBXGroup;
			children = (
				43749C502FA0A84100E4D769 /* Wrap.app */,
				43749C662FA0A84300E4D769 /* WrapTests.xctest */,
				43749C702FA0A84300E4D769 /* WrapUITests.xctest */,
			);
			name = Products;
			sourceTree = "<group>";
		};
/* End PBXGroup section */

/* Begin PBXNativeTarget section */
		43749C4F2FA0A84100E4D769 /* Wrap */ = {
			isa = PBXNativeTarget;
			buildConfigurationList = 43749C792FA0A84300E4D769 /* Build configuration list for PBXNativeTarget "Wrap" */;
			buildPhases = (
				43749C4C2FA0A84100E4D769 /* Sources */,
				43749C4D2FA0A84100E4D769 /* Frameworks */,
				43749C4E2FA0A84100E4D769 /* Resources */,
			);
			buildRules = (
			);
			dependencies = (
			);
			fileSystemSynchronizedGroups = (
				43749C522FA0A84100E4D769 /* Wrap */,
			);
			name = Wrap;
			packageProductDependencies = (
				43749CBE2FA0A9D600E4D769 /* FirebaseAuth */,
				43749CC02FA0A9D600E4D769 /* FirebaseCrashlytics */,
				43749CC22FA0A9D600E4D769 /* FirebaseMessaging */,
				43749CC72FA0AA2400E4D769 /* Kingfisher */,
				43749CCA2FA0AB3900E4D769 /* SnapKit */,
				43749CE72FA0B0DC00E4D769 /* IQKeyboardManagerSwift */,
				438D45EA2FA1CE2E001042F7 /* Hero */,
				438D46122FA292CA001042F7 /* GoogleSignIn */,
				438D46142FA292CA001042F7 /* GoogleSignInSwift */,
				4386377C2FA2E9DE0076D349 /* RxCocoa */,
				4386377E2FA2E9DE0076D349 /* RxRelay */,
				43949A842FA45DC3009E94A9 /* SkeletonView */,
			);
			productName = Wrap;
			productReference = 43749C502FA0A84100E4D769 /* Wrap.app */;
			productType = "com.apple.product-type.application";
		};
		43749C652FA0A84300E4D769 /* WrapTests */ = {
			isa = PBXNativeTarget;
			buildConfigurationList = 43749C7E2FA0A84300E4D769 /* Build configuration list for PBXNativeTarget "WrapTests" */;
			buildPhases = (
				43749C622FA0A84300E4D769 /* Sources */,
				43749C632FA0A84300E4D769 /* Frameworks */,
				43749C642FA0A84300E4D769 /* Resources */,
			);
			buildRules = (
			);
			dependencies = (
				43749C682FA0A84300E4D769 /* PBXTargetDependency */,
			);
			fileSystemSynchronizedGroups = (
				43749C692FA0A84300E4D769 /* WrapTests */,
			);
			name = WrapTests;
			packageProductDependencies = (
			);
			productName = WrapTests;
			productReference = 43749C662FA0A84300E4D769 /* WrapTests.xctest */;
			productType = "com.apple.product-type.bundle.unit-test";
		};
		43749C6F2FA0A84300E4D769 /* WrapUITests */ = {
			isa = PBXNativeTarget;
			buildConfigurationList = 43749C812FA0A84300E4D769 /* Build configuration list for PBXNativeTarget "WrapUITests" */;
			buildPhases = (
				43749C6C2FA0A84300E4D769 /* Sources */,
				43749C6D2FA0A84300E4D769 /* Frameworks */,
				43749C6E2FA0A84300E4D769 /* Resources */,
			);
			buildRules = (
			);
			dependencies = (
				43749C722FA0A84300E4D769 /* PBXTargetDependency */,
			);
			fileSystemSynchronizedGroups = (
				43749C732FA0A84300E4D769 /* WrapUITests */,
			);
			name = WrapUITests;
			packageProductDependencies = (
			);
			productName = WrapUITests;
			productReference = 43749C702FA0A84300E4D769 /* WrapUITests.xctest */;
			productType = "com.apple.product-type.bundle.ui-testing";
		};
/* End PBXNativeTarget section */

/* Begin PBXProject section */
		43749C482FA0A84100E4D769 /* Project object */ = {
			isa = PBXProject;
			attributes = {
				BuildIndependentTargetsInParallel = 1;
				LastSwiftUpdateCheck = 2610;
				LastUpgradeCheck = 2610;
				TargetAttributes = {
					43749C4F2FA0A84100E4D769 = {
						CreatedOnToolsVersion = 26.1;
					};
					43749C652FA0A84300E4D769 = {
						CreatedOnToolsVersion = 26.1;
						TestTargetID = 43749C4F2FA0A84100E4D769;
					};
					43749C6F2FA0A84300E4D769 = {
						CreatedOnToolsVersion = 26.1;
						TestTargetID = 43749C4F2FA0A84100E4D769;
					};
				};
			};
			buildConfigurationList = 43749C4B2FA0A84100E4D769 /* Build configuration list for PBXProject "Wrap" */;
			developmentRegion = en;
			hasScannedForEncodings = 0;
			knownRegions = (
				en,
				Base,
			);
			mainGroup = 43749C472FA0A84100E4D769;
			minimizedProjectReferenceProxies = 1;
			packageReferences = (
				43749CBD2FA0A9D600E4D769 /* XCRemoteSwiftPackageReference "firebase-ios-sdk" */,
				43749CC62FA0AA2400E4D769 /* XCRemoteSwiftPackageReference "Kingfisher" */,
				43749CC92FA0AB3900E4D769 /* XCRemoteSwiftPackageReference "SnapKit" */,
				43749CE62FA0B0DC00E4D769 /* XCRemoteSwiftPackageReference "IQKeyboardManager" */,
				438D45E92FA1CE2E001042F7 /* XCRemoteSwiftPackageReference "hero" */,
				438D46112FA292CA001042F7 /* XCRemoteSwiftPackageReference "GoogleSignIn-iOS" */,
				4386377B2FA2E9DE0076D349 /* XCRemoteSwiftPackageReference "rxswift" */,
				43949A832FA45DC3009E94A9 /* XCRemoteSwiftPackageReference "SkeletonView" */,
			);
			preferredProjectObjectVersion = 77;
			productRefGroup = 43749C512FA0A84100E4D769 /* Products */;
			projectDirPath = "";
			projectRoot = "";
			targets = (
				43749C4F2FA0A84100E4D769 /* Wrap */,
				43749C652FA0A84300E4D769 /* WrapTests */,
				43749C6F2FA0A84300E4D769 /* WrapUITests */,
			);
		};
/* End PBXProject section */

/* Begin PBXResourcesBuildPhase section */
		43749C4E2FA0A84100E4D769 /* Resources */ = {
			isa = PBXResourcesBuildPhase;
			buildActionMask = 2147483647;
			files = (
			);
			runOnlyForDeploymentPostprocessing = 0;
		};
		43749C642FA0A84300E4D769 /* Resources */ = {
			isa = PBXResourcesBuildPhase;
			buildActionMask = 2147483647;
			files = (
			);
			runOnlyForDeploymentPostprocessing = 0;
		};
		43749C6E2FA0A84300E4D769 /* Resources */ = {
			isa = PBXResourcesBuildPhase;
			buildActionMask = 2147483647;
			files = (
			);
			runOnlyForDeploymentPostprocessing = 0;
		};
/* End PBXResourcesBuildPhase section */

/* Begin PBXSourcesBuildPhase section */
		43749C4C2FA0A84100E4D769 /* Sources */ = {
			isa = PBXSourcesBuildPhase;
			buildActionMask = 2147483647;
			files = (
			);
			runOnlyForDeploymentPostprocessing = 0;
		};
		43749C622FA0A84300E4D769 /* Sources */ = {
			isa = PBXSourcesBuildPhase;
			buildActionMask = 2147483647;
			files = (
			);
			runOnlyForDeploymentPostprocessing = 0;
		};
		43749C6C2FA0A84300E4D769 /* Sources */ = {
			isa = PBXSourcesBuildPhase;
			buildActionMask = 2147483647;
			files = (
			);
			runOnlyForDeploymentPostprocessing = 0;
		};
/* End PBXSourcesBuildPhase section */

/* Begin PBXTargetDependency section */
		43749C682FA0A84300E4D769 /* PBXTargetDependency */ = {
			isa = PBXTargetDependency;
			target = 43749C4F2FA0A84100E4D769 /* Wrap */;
			targetProxy = 43749C672FA0A84300E4D769 /* PBXContainerItemProxy */;
		};
		43749C722FA0A84300E4D769 /* PBXTargetDependency */ = {
			isa = PBXTargetDependency;
			target = 43749C4F2FA0A84100E4D769 /* Wrap */;
			targetProxy = 43749C712FA0A84300E4D769 /* PBXContainerItemProxy */;
		};
/* End PBXTargetDependency section */

/* Begin XCBuildConfiguration section */
		43749C7A2FA0A84300E4D769 /* Debug */ = {
			isa = XCBuildConfiguration;
			buildSettings = {
				ASSETCATALOG_COMPILER_APPICON_NAME = AppIcon;
				ASSETCATALOG_COMPILER_GLOBAL_ACCENT_COLOR_NAME = AccentColor;
				CODE_SIGN_ENTITLEMENTS = Wrap/Wrap.entitlements;
				CODE_SIGN_STYLE = Automatic;
				CURRENT_PROJECT_VERSION = 1;
				DEVELOPMENT_TEAM = 6PN64DQKLX;
				GENERATE_INFOPLIST_FILE = YES;
				INFOPLIST_FILE = Wrap/Info.plist;
				INFOPLIST_KEY_NSFaceIDUsageDescription = "Wrap uses FaceID to provide a fast and secure login experience for your account.";
				INFOPLIST_KEY_NSLocationWhenInUseUsageDescription = "We need your location to deliver your order to your doorstep.";
				INFOPLIST_KEY_UIApplicationSupportsIndirectInputEvents = YES;
				INFOPLIST_KEY_UILaunchStoryboardName = LaunchScreen;
				INFOPLIST_KEY_UIMainStoryboardFile = Main;
				INFOPLIST_KEY_UISupportedInterfaceOrientations_iPad = "UIInterfaceOrientationPortrait UIInterfaceOrientationPortraitUpsideDown UIInterfaceOrientationLandscapeLeft UIInterfaceOrientationLandscapeRight";
				INFOPLIST_KEY_UISupportedInterfaceOrientations_iPhone = "UIInterfaceOrientationPortrait UIInterfaceOrientationLandscapeLeft UIInterfaceOrientationLandscapeRight";
				LD_RUNPATH_SEARCH_PATHS = (
					"$(inherited)",
					"@executable_path/Frameworks",
				);
				MARKETING_VERSION = 1.0;
				PRODUCT_BUNDLE_IDENTIFIER = com.destu.Wrap;
				PRODUCT_NAME = "$(TARGET_NAME)";
				STRING_CATALOG_GENERATE_SYMBOLS = YES;
				SWIFT_APPROACHABLE_CONCURRENCY = YES;
				SWIFT_DEFAULT_ACTOR_ISOLATION = MainActor;
				SWIFT_EMIT_LOC_STRINGS = YES;
				SWIFT_UPCOMING_FEATURE_MEMBER_IMPORT_VISIBILITY = YES;
				SWIFT_VERSION = 5.0;
				TARGETED_DEVICE_FAMILY = "1,2";
			};
			name = Debug;
		};
		43749C7B2FA0A84300E4D769 /* Release */ = {
			isa = XCBuildConfiguration;
			buildSettings = {
				ASSETCATALOG_COMPILER_APPICON_NAME = AppIcon;
				ASSETCATALOG_COMPILER_GLOBAL_ACCENT_COLOR_NAME = AccentColor;
				CODE_SIGN_ENTITLEMENTS = Wrap/Wrap.entitlements;
				CODE_SIGN_STYLE = Automatic;
				CURRENT_PROJECT_VERSION = 1;
				DEVELOPMENT_TEAM = 6PN64DQKLX;
				GENERATE_INFOPLIST_FILE = YES;
				INFOPLIST_FILE = Wrap/Info.plist;
				INFOPLIST_KEY_NSFaceIDUsageDescription = "Wrap uses FaceID to provide a fast and secure login experience for your account.";
				INFOPLIST_KEY_NSLocationWhenInUseUsageDescription = "We need your location to deliver your order to your doorstep.";
				INFOPLIST_KEY_UIApplicationSupportsIndirectInputEvents = YES;
				INFOPLIST_KEY_UILaunchStoryboardName = LaunchScreen;
				INFOPLIST_KEY_UIMainStoryboardFile = Main;
				INFOPLIST_KEY_UISupportedInterfaceOrientations_iPad = "UIInterfaceOrientationPortrait UIInterfaceOrientationPortraitUpsideDown UIInterfaceOrientationLandscapeLeft UIInterfaceOrientationLandscapeRight";
				INFOPLIST_KEY_UISupportedInterfaceOrientations_iPhone = "UIInterfaceOrientationPortrait UIInterfaceOrientationLandscapeLeft UIInterfaceOrientationLandscapeRight";
				LD_RUNPATH_SEARCH_PATHS = (
					"$(inherited)",
					"@executable_path/Frameworks",
				);
				MARKETING_VERSION = 1.0;
				PRODUCT_BUNDLE_IDENTIFIER = com.destu.Wrap;
				PRODUCT_NAME = "$(TARGET_NAME)";
				STRING_CATALOG_GENERATE_SYMBOLS = YES;
				SWIFT_APPROACHABLE_CONCURRENCY = YES;
				SWIFT_DEFAULT_ACTOR_ISOLATION = MainActor;
				SWIFT_EMIT_LOC_STRINGS = YES;
				SWIFT_UPCOMING_FEATURE_MEMBER_IMPORT_VISIBILITY = YES;
				SWIFT_VERSION = 5.0;
				TARGETED_DEVICE_FAMILY = "1,2";
			};
			name = Release;
		};
		43749C7C2FA0A84300E4D769 /* Debug */ = {
			isa = XCBuildConfiguration;
			buildSettings = {
				ALWAYS_SEARCH_USER_PATHS = NO;
				ASSETCATALOG_COMPILER_GENERATE_SWIFT_ASSET_SYMBOL_EXTENSIONS = YES;
				CLANG_ANALYZER_NONNULL = YES;
				CLANG_ANALYZER_NUMBER_OBJECT_CONVERSION = YES_AGGRESSIVE;
				CLANG_CXX_LANGUAGE_STANDARD = "gnu++20";
				CLANG_ENABLE_MODULES = YES;
				CLANG_ENABLE_OBJC_ARC = YES;
				CLANG_ENABLE_OBJC_WEAK = YES;
				CLANG_WARN_BLOCK_CAPTURE_AUTORELEASING = YES;
				CLANG_WARN_BOOL_CONVERSION = YES;
				CLANG_WARN_COMMA = YES;
				CLANG_WARN_CONSTANT_CONVERSION = YES;
				CLANG_WARN_DEPRECATED_OBJC_IMPLEMENTATIONS = YES;
				CLANG_WARN_DIRECT_OBJC_ISA_USAGE = YES_ERROR;
				CLANG_WARN_DOCUMENTATION_COMMENTS = YES;
				CLANG_WARN_EMPTY_BODY = YES;
				CLANG_WARN_ENUM_CONVERSION = YES;
				CLANG_WARN_INFINITE_RECURSION = YES;
				CLANG_WARN_INT_CONVERSION = YES;
				CLANG_WARN_NON_LITERAL_NULL_CONVERSION = YES;
				CLANG_WARN_OBJC_IMPLICIT_RETAIN_SELF = YES;
				CLANG_WARN_OBJC_LITERAL_CONVERSION = YES;
				CLANG_WARN_OBJC_ROOT_CLASS = YES_ERROR;
				CLANG_WARN_QUOTED_INCLUDE_IN_FRAMEWORK_HEADER = YES;
				CLANG_WARN_RANGE_LOOP_ANALYSIS = YES;
				CLANG_WARN_STRICT_PROTOTYPES = YES;
				CLANG_WARN_SUSPICIOUS_MOVE = YES;
				CLANG_WARN_UNGUARDED_AVAILABILITY = YES_AGGRESSIVE;
				CLANG_WARN_UNREACHABLE_CODE = YES;
				CLANG_WARN__DUPLICATE_METHOD_MATCH = YES;
				COPY_PHASE_STRIP = NO;
				DEBUG_INFORMATION_FORMAT = dwarf;
				DEVELOPMENT_TEAM = 6PN64DQKLX;
				ENABLE_STRICT_OBJC_MSGSEND = YES;
				ENABLE_TESTABILITY = YES;
				ENABLE_USER_SCRIPT_SANDBOXING = YES;
				GCC_C_LANGUAGE_STANDARD = gnu17;
				GCC_DYNAMIC_NO_PIC = NO;
				GCC_NO_COMMON_BLOCKS = YES;
				GCC_OPTIMIZATION_LEVEL = 0;
				GCC_PREPROCESSOR_DEFINITIONS = (
					"DEBUG=1",
					"$(inherited)",
				);
				GCC_WARN_64_TO_32_BIT_CONVERSION = YES;
				GCC_WARN_ABOUT_RETURN_TYPE = YES_ERROR;
				GCC_WARN_UNDECLARED_SELECTOR = YES;
				GCC_WARN_UNINITIALIZED_AUTOS = YES_AGGRESSIVE;
				GCC_WARN_UNUSED_FUNCTION = YES;
				GCC_WARN_UNUSED_VARIABLE = YES;
				IPHONEOS_DEPLOYMENT_TARGET = 26.1;
				LOCALIZATION_PREFERS_STRING_CATALOGS = YES;
				MTL_ENABLE_DEBUG_INFO = INCLUDE_SOURCE;
				MTL_FAST_MATH = YES;
				ONLY_ACTIVE_ARCH = YES;
				SDKROOT = iphoneos;
				SWIFT_ACTIVE_COMPILATION_CONDITIONS = "DEBUG $(inherited)";
				SWIFT_OPTIMIZATION_LEVEL = "-Onone";
			};
			name = Debug;
		};
		43749C7D2FA0A84300E4D769 /* Release */ = {
			isa = XCBuildConfiguration;
			buildSettings = {
				ALWAYS_SEARCH_USER_PATHS = NO;
				ASSETCATALOG_COMPILER_GENERATE_SWIFT_ASSET_SYMBOL_EXTENSIONS = YES;
				CLANG_ANALYZER_NONNULL = YES;
				CLANG_ANALYZER_NUMBER_OBJECT_CONVERSION = YES_AGGRESSIVE;
				CLANG_CXX_LANGUAGE_STANDARD = "gnu++20";
				CLANG_ENABLE_MODULES = YES;
				CLANG_ENABLE_OBJC_ARC = YES;
				CLANG_ENABLE_OBJC_WEAK = YES;
				CLANG_WARN_BLOCK_CAPTURE_AUTORELEASING = YES;
				CLANG_WARN_BOOL_CONVERSION = YES;
				CLANG_WARN_COMMA = YES;
				CLANG_WARN_CONSTANT_CONVERSION = YES;
				CLANG_WARN_DEPRECATED_OBJC_IMPLEMENTATIONS = YES;
				CLANG_WARN_DIRECT_OBJC_ISA_USAGE = YES_ERROR;
				CLANG_WARN_DOCUMENTATION_COMMENTS = YES;
				CLANG_WARN_EMPTY_BODY = YES;
				CLANG_WARN_ENUM_CONVERSION = YES;
				CLANG_WARN_INFINITE_RECURSION = YES;
				CLANG_WARN_INT_CONVERSION = YES;
				CLANG_WARN_NON_LITERAL_NULL_CONVERSION = YES;
				CLANG_WARN_OBJC_IMPLICIT_RETAIN_SELF = YES;
				CLANG_WARN_OBJC_LITERAL_CONVERSION = YES;
				CLANG_WARN_OBJC_ROOT_CLASS = YES_ERROR;
				CLANG_WARN_QUOTED_INCLUDE_IN_FRAMEWORK_HEADER = YES;
				CLANG_WARN_RANGE_LOOP_ANALYSIS = YES;
				CLANG_WARN_STRICT_PROTOTYPES = YES;
				CLANG_WARN_SUSPICIOUS_MOVE = YES;
				CLANG_WARN_UNGUARDED_AVAILABILITY = YES_AGGRESSIVE;
				CLANG_WARN_UNREACHABLE_CODE = YES;
				CLANG_WARN__DUPLICATE_METHOD_MATCH = YES;
				COPY_PHASE_STRIP = NO;
				DEBUG_INFORMATION_FORMAT = "dwarf-with-dsym";
				DEVELOPMENT_TEAM = 6PN64DQKLX;
				ENABLE_NS_ASSERTIONS = NO;
				ENABLE_STRICT_OBJC_MSGSEND = YES;
				ENABLE_USER_SCRIPT_SANDBOXING = YES;
				GCC_C_LANGUAGE_STANDARD = gnu17;
				GCC_NO_COMMON_BLOCKS = YES;
				GCC_WARN_64_TO_32_BIT_CONVERSION = YES;
				GCC_WARN_ABOUT_RETURN_TYPE = YES_ERROR;
				GCC_WARN_UNDECLARED_SELECTOR = YES;
				GCC_WARN_UNINITIALIZED_AUTOS = YES_AGGRESSIVE;
				GCC_WARN_UNUSED_FUNCTION = YES;
				GCC_WARN_UNUSED_VARIABLE = YES;
				IPHONEOS_DEPLOYMENT_TARGET = 26.1;
				LOCALIZATION_PREFERS_STRING_CATALOGS = YES;
				MTL_ENABLE_DEBUG_INFO = NO;
				MTL_FAST_MATH = YES;
				SDKROOT = iphoneos;
				SWIFT_COMPILATION_MODE = wholemodule;
				VALIDATE_PRODUCT = YES;
			};
			name = Release;
		};
		43749C7F2FA0A84300E4D769 /* Debug */ = {
			isa = XCBuildConfiguration;
			buildSettings = {
				BUNDLE_LOADER = "$(TEST_HOST)";
				CODE_SIGN_STYLE = Automatic;
				CURRENT_PROJECT_VERSION = 1;
				DEVELOPMENT_TEAM = 6PN64DQKLX;
				GENERATE_INFOPLIST_FILE = YES;
				IPHONEOS_DEPLOYMENT_TARGET = 26.1;
				MARKETING_VERSION = 1.0;
				PRODUCT_BUNDLE_IDENTIFIER = com.destu.WrapTests;
				PRODUCT_NAME = "$(TARGET_NAME)";
				STRING_CATALOG_GENERATE_SYMBOLS = NO;
				SWIFT_APPROACHABLE_CONCURRENCY = YES;
				SWIFT_EMIT_LOC_STRINGS = NO;
				SWIFT_UPCOMING_FEATURE_MEMBER_IMPORT_VISIBILITY = YES;
				SWIFT_VERSION = 5.0;
				TARGETED_DEVICE_FAMILY = "1,2";
				TEST_HOST = "$(BUILT_PRODUCTS_DIR)/Wrap.app/$(BUNDLE_EXECUTABLE_FOLDER_PATH)/Wrap";
			};
			name = Debug;
		};
		43749C802FA0A84300E4D769 /* Release */ = {
			isa = XCBuildConfiguration;
			buildSettings = {
				BUNDLE_LOADER = "$(TEST_HOST)";
				CODE_SIGN_STYLE = Automatic;
				CURRENT_PROJECT_VERSION = 1;
				DEVELOPMENT_TEAM = 6PN64DQKLX;
				GENERATE_INFOPLIST_FILE = YES;
				IPHONEOS_DEPLOYMENT_TARGET = 26.1;
				MARKETING_VERSION = 1.0;
				PRODUCT_BUNDLE_IDENTIFIER = com.destu.WrapTests;
				PRODUCT_NAME = "$(TARGET_NAME)";
				STRING_CATALOG_GENERATE_SYMBOLS = NO;
				SWIFT_APPROACHABLE_CONCURRENCY = YES;
				SWIFT_EMIT_LOC_STRINGS = NO;
				SWIFT_UPCOMING_FEATURE_MEMBER_IMPORT_VISIBILITY = YES;
				SWIFT_VERSION = 5.0;
				TARGETED_DEVICE_FAMILY = "1,2";
				TEST_HOST = "$(BUILT_PRODUCTS_DIR)/Wrap.app/$(BUNDLE_EXECUTABLE_FOLDER_PATH)/Wrap";
			};
			name = Release;
		};
		43749C822FA0A84300E4D769 /* Debug */ = {
			isa = XCBuildConfiguration;
			buildSettings = {
				CODE_SIGN_STYLE = Automatic;
				CURRENT_PROJECT_VERSION = 1;
				DEVELOPMENT_TEAM = 6PN64DQKLX;
				GENERATE_INFOPLIST_FILE = YES;
				MARKETING_VERSION = 1.0;
				PRODUCT_BUNDLE_IDENTIFIER = com.destu.WrapUITests;
				PRODUCT_NAME = "$(TARGET_NAME)";
				STRING_CATALOG_GENERATE_SYMBOLS = NO;
				SWIFT_APPROACHABLE_CONCURRENCY = YES;
				SWIFT_EMIT_LOC_STRINGS = NO;
				SWIFT_UPCOMING_FEATURE_MEMBER_IMPORT_VISIBILITY = YES;
				SWIFT_VERSION = 5.0;
				TARGETED_DEVICE_FAMILY = "1,2";
				TEST_TARGET_NAME = Wrap;
			};
			name = Debug;
		};
		43749C832FA0A84300E4D769 /* Release */ = {
			isa = XCBuildConfiguration;
			buildSettings = {
				CODE_SIGN_STYLE = Automatic;
				CURRENT_PROJECT_VERSION = 1;
				DEVELOPMENT_TEAM = 6PN64DQKLX;
				GENERATE_INFOPLIST_FILE = YES;
				MARKETING_VERSION = 1.0;
				PRODUCT_BUNDLE_IDENTIFIER = com.destu.WrapUITests;
				PRODUCT_NAME = "$(TARGET_NAME)";
				STRING_CATALOG_GENERATE_SYMBOLS = NO;
				SWIFT_APPROACHABLE_CONCURRENCY = YES;
				SWIFT_EMIT_LOC_STRINGS = NO;
				SWIFT_UPCOMING_FEATURE_MEMBER_IMPORT_VISIBILITY = YES;
				SWIFT_VERSION = 5.0;
				TARGETED_DEVICE_FAMILY = "1,2";
				TEST_TARGET_NAME = Wrap;
			};
			name = Release;
		};
/* End XCBuildConfiguration section */

/* Begin XCConfigurationList section */
		43749C4B2FA0A84100E4D769 /* Build configuration list for PBXProject "Wrap" */ = {
			isa = XCConfigurationList;
			buildConfigurations = (
				43749C7C2FA0A84300E4D769 /* Debug */,
				43749C7D2FA0A84300E4D769 /* Release */,
			);
			defaultConfigurationIsVisible = 0;
			defaultConfigurationName = Release;
		};
		43749C792FA0A84300E4D769 /* Build configuration list for PBXNativeTarget "Wrap" */ = {
			isa = XCConfigurationList;
			buildConfigurations = (
				43749C7A2FA0A84300E4D769 /* Debug */,
				43749C7B2FA0A84300E4D769 /* Release */,
			);
			defaultConfigurationIsVisible = 0;
			defaultConfigurationName = Release;
		};
		43749C7E2FA0A84300E4D769 /* Build configuration list for PBXNativeTarget "WrapTests" */ = {
			isa = XCConfigurationList;
			buildConfigurations = (
				43749C7F2FA0A84300E4D769 /* Debug */,
				43749C802FA0A84300E4D769 /* Release */,
			);
			defaultConfigurationIsVisible = 0;
			defaultConfigurationName = Release;
		};
		43749C812FA0A84300E4D769 /* Build configuration list for PBXNativeTarget "WrapUITests" */ = {
			isa = XCConfigurationList;
			buildConfigurations = (
				43749C822FA0A84300E4D769 /* Debug */,
				43749C832FA0A84300E4D769 /* Release */,
			);
			defaultConfigurationIsVisible = 0;
			defaultConfigurationName = Release;
		};
/* End XCConfigurationList section */

/* Begin XCRemoteSwiftPackageReference section */
		43749CBD2FA0A9D600E4D769 /* XCRemoteSwiftPackageReference "firebase-ios-sdk" */ = {
			isa = XCRemoteSwiftPackageReference;
			repositoryURL = "https://github.com/firebase/firebase-ios-sdk";
			requirement = {
				kind = upToNextMajorVersion;
				minimumVersion = 12.12.1;
			};
		};
		43749CC62FA0AA2400E4D769 /* XCRemoteSwiftPackageReference "Kingfisher" */ = {
			isa = XCRemoteSwiftPackageReference;
			repositoryURL = "https://github.com/onevcat/Kingfisher";
			requirement = {
				kind = upToNextMajorVersion;
				minimumVersion = 8.8.1;
			};
		};
		43749CC92FA0AB3900E4D769 /* XCRemoteSwiftPackageReference "SnapKit" */ = {
			isa = XCRemoteSwiftPackageReference;
			repositoryURL = "https://github.com/SnapKit/SnapKit";
			requirement = {
				kind = upToNextMajorVersion;
				minimumVersion = 5.7.1;
			};
		};
		43749CE62FA0B0DC00E4D769 /* XCRemoteSwiftPackageReference "IQKeyboardManager" */ = {
			isa = XCRemoteSwiftPackageReference;
			repositoryURL = "https://github.com/hackiftekhar/IQKeyboardManager";
			requirement = {
				kind = upToNextMajorVersion;
				minimumVersion = 8.0.2;
			};
		};
		4386377B2FA2E9DE0076D349 /* XCRemoteSwiftPackageReference "rxswift" */ = {
			isa = XCRemoteSwiftPackageReference;
			repositoryURL = "https://github.com/reactivex/rxswift";
			requirement = {
				kind = upToNextMajorVersion;
				minimumVersion = 6.10.2;
			};
		};
		438D45E92FA1CE2E001042F7 /* XCRemoteSwiftPackageReference "hero" */ = {
			isa = XCRemoteSwiftPackageReference;
			repositoryURL = "https://github.com/herotransitions/hero";
			requirement = {
				kind = upToNextMajorVersion;
				minimumVersion = 1.6.4;
			};
		};
		438D46112FA292CA001042F7 /* XCRemoteSwiftPackageReference "GoogleSignIn-iOS" */ = {
			isa = XCRemoteSwiftPackageReference;
			repositoryURL = "https://github.com/google/GoogleSignIn-iOS";
			requirement = {
				kind = upToNextMajorVersion;
				minimumVersion = 9.1.0;
			};
		};
		43949A832FA45DC3009E94A9 /* XCRemoteSwiftPackageReference "SkeletonView" */ = {
			isa = XCRemoteSwiftPackageReference;
			repositoryURL = "https://github.com/Juanpe/SkeletonView";
			requirement = {
				kind = upToNextMajorVersion;
				minimumVersion = 1.31.0;
			};
		};
/* End XCRemoteSwiftPackageReference section */

/* Begin XCSwiftPackageProductDependency section */
		43749CBE2FA0A9D600E4D769 /* FirebaseAuth */ = {
			isa = XCSwiftPackageProductDependency;
			package = 43749CBD2FA0A9D600E4D769 /* XCRemoteSwiftPackageReference "firebase-ios-sdk" */;
			productName = FirebaseAuth;
		};
		43749CC02FA0A9D600E4D769 /* FirebaseCrashlytics */ = {
			isa = XCSwiftPackageProductDependency;
			package = 43749CBD2FA0A9D600E4D769 /* XCRemoteSwiftPackageReference "firebase-ios-sdk" */;
			productName = FirebaseCrashlytics;
		};
		43749CC22FA0A9D600E4D769 /* FirebaseMessaging */ = {
			isa = XCSwiftPackageProductDependency;
			package = 43749CBD2FA0A9D600E4D769 /* XCRemoteSwiftPackageReference "firebase-ios-sdk" */;
			productName = FirebaseMessaging;
		};
		43749CC72FA0AA2400E4D769 /* Kingfisher */ = {
			isa = XCSwiftPackageProductDependency;
			package = 43749CC62FA0AA2400E4D769 /* XCRemoteSwiftPackageReference "Kingfisher" */;
			productName = Kingfisher;
		};
		43749CCA2FA0AB3900E4D769 /* SnapKit */ = {
			isa = XCSwiftPackageProductDependency;
			package = 43749CC92FA0AB3900E4D769 /* XCRemoteSwiftPackageReference "SnapKit" */;
			productName = SnapKit;
		};
		43749CE72FA0B0DC00E4D769 /* IQKeyboardManagerSwift */ = {
			isa = XCSwiftPackageProductDependency;
			package = 43749CE62FA0B0DC00E4D769 /* XCRemoteSwiftPackageReference "IQKeyboardManager" */;
			productName = IQKeyboardManagerSwift;
		};
		4386377C2FA2E9DE0076D349 /* RxCocoa */ = {
			isa = XCSwiftPackageProductDependency;
			package = 4386377B2FA2E9DE0076D349 /* XCRemoteSwiftPackageReference "rxswift" */;
			productName = RxCocoa;
		};
		4386377E2FA2E9DE0076D349 /* RxRelay */ = {
			isa = XCSwiftPackageProductDependency;
			package = 4386377B2FA2E9DE0076D349 /* XCRemoteSwiftPackageReference "rxswift" */;
			productName = RxRelay;
		};
		438D45EA2FA1CE2E001042F7 /* Hero */ = {
			isa = XCSwiftPackageProductDependency;
			package = 438D45E92FA1CE2E001042F7 /* XCRemoteSwiftPackageReference "hero" */;
			productName = Hero;
		};
		438D46122FA292CA001042F7 /* GoogleSignIn */ = {
			isa = XCSwiftPackageProductDependency;
			package = 438D46112FA292CA001042F7 /* XCRemoteSwiftPackageReference "GoogleSignIn-iOS" */;
			productName = GoogleSignIn;
		};
		438D46142FA292CA001042F7 /* GoogleSignInSwift */ = {
			isa = XCSwiftPackageProductDependency;
			package = 438D46112FA292CA001042F7 /* XCRemoteSwiftPackageReference "GoogleSignIn-iOS" */;
			productName = GoogleSignInSwift;
		};
		43949A842FA45DC3009E94A9 /* SkeletonView */ = {
			isa = XCSwiftPackageProductDependency;
			package = 43949A832FA45DC3009E94A9 /* XCRemoteSwiftPackageReference "SkeletonView" */;
			productName = SkeletonView;
		};
/* End XCSwiftPackageProductDependency section */
	};
	rootObject = 43749C482FA0A84100E4D769 /* Project object */;
}
